
Microsoft Visual Studio Solution File, Format Version 12.00
# Visual Studio Version 17
VisualStudioVersion = 17.13.35825.156 d17.13
MinimumVisualStudioVersion = 10.0.40219.1
Project("{FAE04EC0-301F-11D3-BF4B-00C04F79EFBC}") = "Payem", "Payem\Payem.csproj", "{5F9C91AA-81FD-4D8F-B7F1-A5B451CA8EAC}"
EndProject
Global
	GlobalSection(SolutionConfigurationPlatforms) = preSolution
		Debug|Any CPU = Debug|Any CPU
		Release|Any CPU = Release|Any CPU
	EndGlobalSection
	GlobalSection(ProjectConfigurationPlatforms) = postSolution
		{5F9C91AA-81FD-4D8F-B7F1-A5B451CA8EAC}.Debug|Any CPU.ActiveCfg = Debug|Any CPU
		{5F9C91AA-81FD-4D8F-B7F1-A5B451CA8EAC}.Debug|Any CPU.Build.0 = Debug|Any CPU
		{5F9C91AA-81FD-4D8F-B7F1-A5B451CA8EAC}.Release|Any CPU.ActiveCfg = Release|Any CPU
		{5F9C91AA-81FD-4D8F-B7F1-A5B451CA8EAC}.Release|Any CPU.Build.0 = Release|Any CPU
	EndGlobalSection
	GlobalSection(SolutionProperties) = preSolution
		HideSolutionNode = FALSE
	EndGlobalSection
	GlobalSection(ExtensibilityGlobals) = postSolution
		SolutionGuid = {37CEDCB5-ECCC-4546-9E2E-76D9AE10F7AD}
	EndGlobalSection
EndGlobal
